
Microsoft Visual Studio Solution File, Format Version 12.00
# Visual Studio Version 17
VisualStudioVersion = 17.14.36908.2 d17.14
MinimumVisualStudioVersion = 10.0.40219.1
Project("{FAE04EC0-301F-11D3-BF4B-00C04F79EFBC}") = "SupplyChain", "SupplyChain.csproj", "{E8F46D47-C278-4AC5-AE74-CD83A481880D}"
EndProject
Global
	GlobalSection(SolutionConfigurationPlatforms) = preSolution
		Debug|Any CPU = Debug|Any CPU
		Release|Any CPU = Release|Any CPU
	EndGlobalSection
	GlobalSection(ProjectConfigurationPlatforms) = postSolution
		{E8F46D47-C278-4AC5-AE74-CD83A481880D}.Debug|Any CPU.ActiveCfg = Debug|Any CPU
		{E8F46D47-C278-4AC5-AE74-CD83A481880D}.Debug|Any CPU.Build.0 = Debug|Any CPU
		{E8F46D47-C278-4AC5-AE74-CD83A481880D}.Release|Any CPU.ActiveCfg = Release|Any CPU
		{E8F46D47-C278-4AC5-AE74-CD83A481880D}.Release|Any CPU.Build.0 = Release|Any CPU
	EndGlobalSection
	GlobalSection(SolutionProperties) = preSolution
		HideSolutionNode = FALSE
	EndGlobalSection
	GlobalSection(ExtensibilityGlobals) = postSolution
		SolutionGuid = {44FC93E4-F7A6-49A4-859D-71781E9B8542}
	EndGlobalSection
EndGlobal
